
Microsoft Visual Studio Solution File, Format Version 12.00
# Visual Studio Version 17
VisualStudioVersion = 17.14.36811.4 d17.14
MinimumVisualStudioVersion = 10.0.40219.1
Project("{FAE04EC0-301F-11D3-BF4B-00C04F79EFBC}") = "RivettVINReader", "RivettVINReader.csproj", "{54394207-1A99-42A7-97B5-F630F0D36E05}"
EndProject
Global
	GlobalSection(SolutionConfigurationPlatforms) = preSolution
		Debug|Any CPU = Debug|Any CPU
		Release|Any CPU = Release|Any CPU
	EndGlobalSection
	GlobalSection(ProjectConfigurationPlatforms) = postSolution
		{54394207-1A99-42A7-97B5-F630F0D36E05}.Debug|Any CPU.ActiveCfg = Debug|Any CPU
		{54394207-1A99-42A7-97B5-F630F0D36E05}.Debug|Any CPU.Build.0 = Debug|Any CPU
		{54394207-1A99-42A7-97B5-F630F0D36E05}.Release|Any CPU.ActiveCfg = Release|Any CPU
		{54394207-1A99-42A7-97B5-F630F0D36E05}.Release|Any CPU.Build.0 = Release|Any CPU
	EndGlobalSection
	GlobalSection(SolutionProperties) = preSolution
		HideSolutionNode = FALSE
	EndGlobalSection
	GlobalSection(ExtensibilityGlobals) = postSolution
		SolutionGuid = {555A2AEE-0F9B-4CC6-89B9-1CE47B609728}
	EndGlobalSection
EndGlobal
